
Microsoft Visual Studio Solution File, Format Version 12.00
# Visual Studio Version 17
VisualStudioVersion = 17.2.32526.322
MinimumVisualStudioVersion = 10.0.40219.1
Project("{9A19103F-16F7-4668-BE54-9A1E7A4F7556}") = "Simple2u", "Simple2u.csproj", "{543B1D20-471D-4303-BCCB-7FF61B1ADF41}"
EndProject
Global
	GlobalSection(SolutionConfigurationPlatforms) = preSolution
		Debug|Any CPU = Debug|Any CPU
		Release|Any CPU = Release|Any CPU
	EndGlobalSection
	GlobalSection(ProjectConfigurationPlatforms) = postSolution
		{543B1D20-471D-4303-BCCB-7FF61B1ADF41}.Debug|Any CPU.ActiveCfg = Debug|Any CPU
		{543B1D20-471D-4303-BCCB-7FF61B1ADF41}.Debug|Any CPU.Build.0 = Debug|Any CPU
		{543B1D20-471D-4303-BCCB-7FF61B1ADF41}.Release|Any CPU.ActiveCfg = Release|Any CPU
		{543B1D20-471D-4303-BCCB-7FF61B1ADF41}.Release|Any CPU.Build.0 = Release|Any CPU
	EndGlobalSection
	GlobalSection(SolutionProperties) = preSolution
		HideSolutionNode = FALSE
	EndGlobalSection
	GlobalSection(ExtensibilityGlobals) = postSolution
		SolutionGuid = {F33AE98E-8E40-4A1F-8591-22BFE5E875AE}
	EndGlobalSection
EndGlobal
